// !$*UTF8*$!
{
	archiveVersion = 1;
	classes = {
	};
	objectVersion = 46;
	objects = {

/* Begin PBXBuildFile section */
		56711F641E54C940004F5725 /* AppDelegate.swift in Sources */ = {isa = PBXBuildFile; fileRef = 56711F631E54C940004F5725 /* AppDelegate.swift */; };
		56711F661E54C940004F5725 /* ViewController.swift in Sources */ = {isa = PBXBuildFile; fileRef = 56711F651E54C940004F5725 /* ViewController.swift */; };
		56711F691E54C940004F5725 /* Main.storyboard in Resources */ = {isa = PBXBuildFile; fileRef = 56711F671E54C940004F5725 /* Main.storyboard */; };
		56711F6B1E54C940004F5725 /* Assets.xcassets in Resources */ = {isa = PBXBuildFile; fileRef = 56711F6A1E54C940004F5725 /* Assets.xcassets */; };
		56711F6E1E54C940004F5725 /* LaunchScreen.storyboard in Resources */ = {isa = PBXBuildFile; fileRef = 56711F6C1E54C940004F5725 /* LaunchScreen.storyboard */; };
/* End PBXBuildFile section */

/* Begin PBXFileReference section */
		56711F601E54C940004F5725 /* Practica2.app */ = {isa = PBXFileReference; explicitFileType = wrapper.application; includeInIndex = 0; path = Practica2.app; sourceTree = BUILT_PRODUCTS_DIR; };
		56711F631E54C940004F5725 /* AppDelegate.swift */ = {isa = PBXFileReference; lastKnownFileType = sourcecode.swift; path = AppDelegate.swift; sourceTree = "<group>"; };
		56711F651E54C940004F5725 /* ViewController.swift */ = {isa = PBXFileReference; lastKnownFileType = sourcecode.swift; path = ViewController.swift; sourceTree = "<group>"; };
		56711F681E54C940004F5725 /* Base */ = {isa = PBXFileReference; lastKnownFileType = file.storyboard; name = Base; path = Base.lproj/Main.storyboard; sourceTree = "<group>"; };
		56711F6A1E54C940004F5725 /* Assets.xcassets */ = {isa = PBXFileReference; lastKnownFileType = folder.assetcatalog; path = Assets.xcassets; sourceTree = "<group>"; };
		56711F6D1E54C940004F5725 /* Base */ = {isa = PBXFileReference; lastKnownFileType = file.storyboard; name = Base; path = Base.lproj/LaunchScreen.storyboard; sourceTree = "<group>"; };
		56711F6F1E54C940004F5725 /* Info.plist */ = {isa = PBXFileReference; lastKnownFileType = text.plist.xml; path = Info.plist; sourceTree = "<group>"; };
/* End PBXFileReference section */

/* Begin PBXFrameworksBuildPhase section */
		56711F5D1E54C940004F5725 /* Frameworks */ = {
			isa = PBXFrameworksBuildPhase;
			buildActionMask = 2147483647;
			files = (
			);
			runOnlyForDeploymentPostprocessing = 0;
		};
/* End PBXFrameworksBuildPhase section */

/* Begin PBXGroup section */
		56711F571E54C940004F5725 = {
			isa = PBXGroup;
			children = (
				56711F621E54C940004F5725 /* Practica2 */,
				56711F611E54C940004F5725 /* Products */,
			);
			sourceTree = "<group>";
		};
		56711F611E54C940004F5725 /* Products */ = {
			isa = PBXGroup;
			children = (
				56711F601E54C940004F5725 /* Practica2.app */,
			);
			name = Products;
			sourceTree = "<group>";
		};
		56711F621E54C940004F5725 /* Practica2 */ = {
			isa = PBXGroup;
			children = (
				56711F631E54C940004F5725 /* AppDelegate.swift */,
				56711F651E54C940004F5725 /* ViewController.swift */,
				56711F671E54C940004F5725 /* Main.storyboard */,
				56711F6A1E54C940004F5725 /* Assets.xcassets */,
				56711F6C1E54C940004F5725 /* LaunchScreen.storyboard */,
				56711F6F1E54C940004F5725 /* Info.plist */,
			);
			path = Practica2;
			sourceTree = "<group>";
		};
/* End PBXGroup section */

/* Begin PBXNativeTarget section */
		56711F5F1E54C940004F5725 /* Practica2 */ = {
			isa = PBXNativeTarget;
			buildConfigurationList = 56711F721E54C940004F5725 /* Build configuration list for PBXNativeTarget "Practica2" */;
			buildPhases = (
				56711F5C1E54C940004F5725 /* Sources */,
				56711F5D1E54C940004F5725 /* Frameworks */,
				56711F5E1E54C940004F5725 /* Resources */,
			);
			buildRules = (
			);
			dependencies = (
			);
			name = Practica2;
			productName = Practica2;
			productReference = 56711F601E54C940004F5725 /* Practica2.app */;
			productType = "com.apple.product-type.application";
		};
/* End PBXNativeTarget section */

/* Begin PBXProject section */
		56711F581E54C940004F5725 /* Project object */ = {
			isa = PBXProject;
			attributes = {
				LastUpgradeCheck = 0700;
				ORGANIZATIONNAME = ROLANDO;
				TargetAttributes = {
					56711F5F1E54C940004F5725 = {
						CreatedOnToolsVersion = 7.0;
					};
				};
			};
			buildConfigurationList = 56711F5B1E54C940004F5725 /* Build configuration list for PBXProject "Practica2" */;
			compatibilityVersion = "Xcode 3.2";
			developmentRegion = English;
			hasScannedForEncodings = 0;
			knownRegions = (
				en,
				Base,
			);
			mainGroup = 56711F571E54C940004F5725;
			productRefGroup = 56711F611E54C940004F5725 /* Products */;
			projectDirPath = "";
			projectRoot = "";
			targets = (
				56711F5F1E54C940004F5725 /* Practica2 */,
			);
		};
/* End PBXProject section */

/* Begin PBXResourcesBuildPhase section */
		56711F5E1E54C940004F5725 /* Resources */ = {
			isa = PBXResourcesBuildPhase;
			buildActionMask = 2147483647;
			files = (
				56711F6E1E54C940004F5725 /* LaunchScreen.storyboard in Resources */,
				56711F6B1E54C940004F5725 /* Assets.xcassets in Resources */,
				56711F691E54C940004F5725 /* Main.storyboard in Resources */,
			);
			runOnlyForDeploymentPostprocessing = 0;
		};
/* End PBXResourcesBuildPhase section */

/* Begin PBXSourcesBuildPhase section */
		56711F5C1E54C940004F5725 /* Sources */ = {
			isa = PBXSourcesBuildPhase;
			buildActionMask = 2147483647;
			files = (
				56711F661E54C940004F5725 /* ViewController.swift in Sources */,
				56711F641E54C940004F5725 /* AppDelegate.swift in Sources */,
			);
			runOnlyForDeploymentPostprocessing = 0;
		};
/* End PBXSourcesBuildPhase section */

/* Begin PBXVariantGroup section */
		56711F671E54C940004F5725 /* Main.storyboard */ = {
			isa = PBXVariantGroup;
			children = (
				56711F681E54C940004F5725 /* Base */,
			);
			name = Main.storyboard;
			sourceTree = "<group>";
		};
		56711F6C1E54C940004F5725 /* LaunchScreen.storyboard */ = {
			isa = PBXVariantGroup;
			children = (
				56711F6D1E54C940004F5725 /* Base */,
			);
			name = LaunchScreen.storyboard;
			sourceTree = "<group>";
		};
/* End PBXVariantGroup section */

/* Begin XCBuildConfiguration section */
		56711F701E54C940004F5725 /* Debug */ = {
			isa = XCBuildConfiguration;
			buildSettings = {
				ALWAYS_SEARCH_USER_PATHS = NO;
				CLANG_CXX_LANGUAGE_STANDARD = "gnu++0x";
				CLANG_CXX_LIBRARY = "libc++";
				CLANG_ENABLE_MODULES = YES;
				CLANG_ENABLE_OBJC_ARC = YES;
				CLANG_WARN_BOOL_CONVERSION = YES;
				CLANG_WARN_CONSTANT_CONVERSION = YES;
				CLANG_WARN_DIRECT_OBJC_ISA_USAGE = YES_ERROR;
				CLANG_WARN_EMPTY_BODY = YES;
				CLANG_WARN_ENUM_CONVERSION = YES;
				CLANG_WARN_INT_CONVERSION = YES;
				CLANG_WARN_OBJC_ROOT_CLASS = YES_ERROR;
				CLANG_WARN_UNREACHABLE_CODE = YES;
				CLANG_WARN__DUPLICATE_METHOD_MATCH = YES;
				"CODE_SIGN_IDENTITY[sdk=iphoneos*]" = "iPhone Developer";
				COPY_PHASE_STRIP = NO;
				DEBUG_INFORMATION_FORMAT = dwarf;
				ENABLE_STRICT_OBJC_MSGSEND = YES;
				ENABLE_TESTABILITY = YES;
				GCC_C_LANGUAGE_STANDARD = gnu99;
				GCC_DYNAMIC_NO_PIC = NO;
				GCC_NO_COMMON_BLOCKS = YES;
				GCC_OPTIMIZATION_LEVEL = 0;
				GCC_PREPROCESSOR_DEFINITIONS = (
					"DEBUG=1",
					"$(inherited)",
				);
				GCC_WARN_64_TO_32_BIT_CONVERSION = YES;
				GCC_WARN_ABOUT_RETURN_TYPE = YES_ERROR;
				GCC_WARN_UNDECLARED_SELECTOR = YES;
				GCC_WARN_UNINITIALIZED_AUTOS = YES_AGGRESSIVE;
				GCC_WARN_UNUSED_FUNCTION = YES;
				GCC_WARN_UNUSED_VARIABLE = YES;
				IPHONEOS_DEPLOYMENT_TARGET = 9.0;
				MTL_ENABLE_DEBUG_INFO = YES;
				ONLY_ACTIVE_ARCH = YES;
				SDKROOT = iphoneos;
				SWIFT_OPTIMIZATION_LEVEL = "-Onone";
				TARGETED_DEVICE_FAMILY = "1,2";
			};
			name = Debug;
		};
		56711F711E54C940004F5725 /* Release */ = {
			isa = XCBuildConfiguration;
			buildSettings = {
				ALWAYS_SEARCH_USER_PATHS = NO;
				CLANG_CXX_LANGUAGE_STANDARD = "gnu++0x";
				CLANG_CXX_LIBRARY = "libc++";
				CLANG_ENABLE_MODULES = YES;
				CLANG_ENABLE_OBJC_ARC = YES;
				CLANG_WARN_BOOL_CONVERSION = YES;
				CLANG_WARN_CONSTANT_CONVERSION = YES;
				CLANG_WARN_DIRECT_OBJC_ISA_USAGE = YES_ERROR;
				CLANG_WARN_EMPTY_BODY = YES;
				CLANG_WARN_ENUM_CONVERSION = YES;
				CLANG_WARN_INT_CONVERSION = YES;
				CLANG_WARN_OBJC_ROOT_CLASS = YES_ERROR;
				CLANG_WARN_UNREACHABLE_CODE = YES;
				CLANG_WARN__DUPLICATE_METHOD_MATCH = YES;
				"CODE_SIGN_IDENTITY[sdk=iphoneos*]" = "iPhone Developer";
				COPY_PHASE_STRIP = NO;
				DEBUG_INFORMATION_FORMAT = "dwarf-with-dsym";
				ENABLE_NS_ASSERTIONS = NO;
				ENABLE_STRICT_OBJC_MSGSEND = YES;
				GCC_C_LANGUAGE_STANDARD = gnu99;
				GCC_NO_COMMON_BLOCKS = YES;
				GCC_WARN_64_TO_32_BIT_CONVERSION = YES;
				GCC_WARN_ABOUT_RETURN_TYPE = YES_ERROR;
				GCC_WARN_UNDECLARED_SELECTOR = YES;
				GCC_WARN_UNINITIALIZED_AUTOS = YES_AGGRESSIVE;
				GCC_WARN_UNUSED_FUNCTION = YES;
				GCC_WARN_UNUSED_VARIABLE = YES;
				IPHONEOS_DEPLOYMENT_TARGET = 9.0;
				MTL_ENABLE_DEBUG_INFO = NO;
				SDKROOT = iphoneos;
				TARGETED_DEVICE_FAMILY = "1,2";
				VALIDATE_PRODUCT = YES;
			};
			name = Release;
		};
		56711F731E54C940004F5725 /* Debug */ = {
			isa = XCBuildConfiguration;
			buildSettings = {
				ASSETCATALOG_COMPILER_APPICON_NAME = AppIcon;
				INFOPLIST_FILE = Practica2/Info.plist;
				LD_RUNPATH_SEARCH_PATHS = "$(inherited) @executable_path/Frameworks";
				PRODUCT_BUNDLE_IDENTIFIER = com.rolando.Practica2;
				PRODUCT_NAME = "$(TARGET_NAME)";
			};
			name = Debug;
		};
		56711F741E54C940004F5725 /* Release */ = {
			isa = XCBuildConfiguration;
			buildSettings = {
				ASSETCATALOG_COMPILER_APPICON_NAME = AppIcon;
				INFOPLIST_FILE = Practica2/Info.plist;
				LD_RUNPATH_SEARCH_PATHS = "$(inherited) @executable_path/Frameworks";
				PRODUCT_BUNDLE_IDENTIFIER = com.rolando.Practica2;
				PRODUCT_NAME = "$(TARGET_NAME)";
			};
			name = Release;
		};
/* End XCBuildConfiguration section */

/* Begin XCConfigurationList section */
		56711F5B1E54C940004F5725 /* Build configuration list for PBXProject "Practica2" */ = {
			isa = XCConfigurationList;
			buildConfigurations = (
				56711F701E54C940004F5725 /* Debug */,
				56711F711E54C940004F5725 /* Release */,
			);
			defaultConfigurationIsVisible = 0;
			defaultConfigurationName = Release;
		};
		56711F721E54C940004F5725 /* Build configuration list for PBXNativeTarget "Practica2" */ = {
			isa = XCConfigurationList;
			buildConfigurations = (
				56711F731E54C940004F5725 /* Debug */,
				56711F741E54C940004F5725 /* Release */,
			);
			defaultConfigurationIsVisible = 0;
		};
/* End XCConfigurationList section */
	};
	rootObject = 56711F581E54C940004F5725 /* Project object */;
}
